
Microsoft Visual Studio Solution File, Format Version 12.00
# Visual Studio Version 17
VisualStudioVersion = 17.0.32014.148
MinimumVisualStudioVersion = 10.0.40219.1
Project("{9A19103F-16F7-4668-BE54-9A1E7A4F7556}") = "HostWindowFeatures", "src\HostWindowFeatures\HostWindowFeatures.csproj", "{08E332EC-1ACD-44EC-B6CF-EE2787D0A738}"
EndProject
Project("{2150E333-8FDC-42A3-9474-1A3956D46DE8}") = "Solution Items", "Solution Items", "{570989F2-85DF-40FF-858D-1D645E4CAC60}"
	ProjectSection(SolutionItems) = preProject
		.editorconfig = .editorconfig
		README.md = README.md
	EndProjectSection
EndProject
Project("{9A19103F-16F7-4668-BE54-9A1E7A4F7556}") = "UsingSplashScreen", "src\UsingSplashScreen\UsingSplashScreen.csproj", "{304654F0-8FE9-4577-ACF7-C2753D728EAA}"
EndProject
Global
	GlobalSection(SolutionConfigurationPlatforms) = preSolution
		Debug|Any CPU = Debug|Any CPU
		Release|Any CPU = Release|Any CPU
	EndGlobalSection
	GlobalSection(ProjectConfigurationPlatforms) = postSolution
		{08E332EC-1ACD-44EC-B6CF-EE2787D0A738}.Debug|Any CPU.ActiveCfg = Debug|Any CPU
		{08E332EC-1ACD-44EC-B6CF-EE2787D0A738}.Debug|Any CPU.Build.0 = Debug|Any CPU
		{08E332EC-1ACD-44EC-B6CF-EE2787D0A738}.Release|Any CPU.ActiveCfg = Release|Any CPU
		{08E332EC-1ACD-44EC-B6CF-EE2787D0A738}.Release|Any CPU.Build.0 = Release|Any CPU
		{304654F0-8FE9-4577-ACF7-C2753D728EAA}.Debug|Any CPU.ActiveCfg = Debug|Any CPU
		{304654F0-8FE9-4577-ACF7-C2753D728EAA}.Debug|Any CPU.Build.0 = Debug|Any CPU
		{304654F0-8FE9-4577-ACF7-C2753D728EAA}.Release|Any CPU.ActiveCfg = Release|Any CPU
		{304654F0-8FE9-4577-ACF7-C2753D728EAA}.Release|Any CPU.Build.0 = Release|Any CPU
	EndGlobalSection
	GlobalSection(SolutionProperties) = preSolution
		HideSolutionNode = FALSE
	EndGlobalSection
	GlobalSection(ExtensibilityGlobals) = postSolution
		SolutionGuid = {08B72702-3D94-4335-A2B9-BC370ED8A18E}
	EndGlobalSection
EndGlobal
